# This file is generated by running "yarn install" inside your project.
# Manual changes might be lost - proceed with caution!

__metadata:
  version: 8
  cacheKey: 10c0

"@ai-sdk/anthropic@npm:^1.1.17":
  version: 1.1.17
  resolution: "@ai-sdk/anthropic@npm:1.1.17"
  dependencies:
    "@ai-sdk/provider": "npm:1.0.11"
    "@ai-sdk/provider-utils": "npm:2.1.13"
  peerDependencies:
    zod: ^3.0.0
  checksum: 10c0/110fdc6290f58638d0374eee5eae49ec8b1fc13d12b108f8b4843f290a0d23131742d873740bc72d83b5c44e53de419de7012ceb31982bb4a1578937a3554679
  languageName: node
  linkType: hard

"@ai-sdk/google@npm:^1.1.25":
  version: 1.1.25
  resolution: "@ai-sdk/google@npm:1.1.25"
  dependencies:
    "@ai-sdk/provider": "npm:1.0.11"
    "@ai-sdk/provider-utils": "npm:2.1.13"
  peerDependencies:
    zod: ^3.0.0
  checksum: 10c0/1051738536d5e6857c5ac29eb9ee0b759035b110d7c53fb11b86901d7a9ff094c02a1fafb88d1db598ade20cd3f9c8dd67aeb87d7d527f94cc6e823fd9be2994
  languageName: node
  linkType: hard

"@ai-sdk/openai@npm:^1.2.5":
  version: 1.2.5
  resolution: "@ai-sdk/openai@npm:1.2.5"
  dependencies:
    "@ai-sdk/provider": "npm:1.0.11"
    "@ai-sdk/provider-utils": "npm:2.1.13"
  peerDependencies:
    zod: ^3.0.0
  checksum: 10c0/604609ad43dd3c947f6b867e8be3bea6031fb63852b0a5f00c012438580ba567744de93981af7f36f8eb3f51a5e44d446c15c567b07fd7a52252faa660db2890
  languageName: node
  linkType: hard

"@ai-sdk/provider-utils@npm:2.1.13":
  version: 2.1.13
  resolution: "@ai-sdk/provider-utils@npm:2.1.13"
  dependencies:
    "@ai-sdk/provider": "npm:1.0.11"
    eventsource-parser: "npm:^3.0.0"
    nanoid: "npm:^3.3.8"
    secure-json-parse: "npm:^2.7.0"
  peerDependencies:
    zod: ^3.0.0
  peerDependenciesMeta:
    zod:
      optional: true
  checksum: 10c0/b3f6c600fefe2e5719e75c00ac1e35da1826c0127fb48a9a0895b5a6844d6900c7bea85020f7d7c11e8c0217782af4ebe84379d82cb05824b6c69437592d3dab
  languageName: node
  linkType: hard

"@ai-sdk/provider@npm:1.0.11":
  version: 1.0.11
  resolution: "@ai-sdk/provider@npm:1.0.11"
  dependencies:
    json-schema: "npm:^0.4.0"
  checksum: 10c0/38e52160a0413495d8644f227a7977ec2a24aaba866d656362bf4739ba13612d435c61b26d861d39bb223fa4a72d0907f44a46ea4f211f40c891ff77a36fa84b
  languageName: node
  linkType: hard

"@ai-sdk/react@npm:1.1.23":
  version: 1.1.23
  resolution: "@ai-sdk/react@npm:1.1.23"
  dependencies:
    "@ai-sdk/provider-utils": "npm:2.1.13"
    "@ai-sdk/ui-utils": "npm:1.1.19"
    swr: "npm:^2.2.5"
    throttleit: "npm:2.1.0"
  peerDependencies:
    react: ^18 || ^19 || ^19.0.0-rc
    zod: ^3.0.0
  peerDependenciesMeta:
    react:
      optional: true
    zod:
      optional: true
  checksum: 10c0/761a43114a77d095bcd40e087514bffb90b37dead46650d5aa1897ac6499df4f467cc26a389bbd6c55475c560a3f32aeb88a8bc3136c0edd72c40c6fe9739027
  languageName: node
  linkType: hard

"@ai-sdk/ui-utils@npm:1.1.19":
  version: 1.1.19
  resolution: "@ai-sdk/ui-utils@npm:1.1.19"
  dependencies:
    "@ai-sdk/provider": "npm:1.0.11"
    "@ai-sdk/provider-utils": "npm:2.1.13"
    zod-to-json-schema: "npm:^3.24.1"
  peerDependencies:
    zod: ^3.0.0
  peerDependenciesMeta:
    zod:
      optional: true
  checksum: 10c0/b3fcfab3681a27098c509df5bb72a8320da4e01799c62ecdca3874135c60fa2beb23195ffbdee20ba948a8ded92511bbe216ed50e825f86d9ec552ece429b8a0
  languageName: node
  linkType: hard

"@opentelemetry/api@npm:1.9.0":
  version: 1.9.0
  resolution: "@opentelemetry/api@npm:1.9.0"
  checksum: 10c0/9aae2fe6e8a3a3eeb6c1fdef78e1939cf05a0f37f8a4fae4d6bf2e09eb1e06f966ece85805626e01ba5fab48072b94f19b835449e58b6d26720ee19a58298add
  languageName: node
  linkType: hard

"@types/diff-match-patch@npm:^1.0.36":
  version: 1.0.36
  resolution: "@types/diff-match-patch@npm:1.0.36"
  checksum: 10c0/0bad011ab138baa8bde94e7815064bb881f010452463272644ddbbb0590659cb93f7aa2776ff442c6721d70f202839e1053f8aa62d801cc4166f7a3ea9130055
  languageName: node
  linkType: hard

"@types/node@npm:^22.13.10":
  version: 22.13.10
  resolution: "@types/node@npm:22.13.10"
  dependencies:
    undici-types: "npm:~6.20.0"
  checksum: 10c0/a3865f9503d6f718002374f7b87efaadfae62faa499c1a33b12c527cfb9fd86f733e1a1b026b80c5a0e4a965701174bc3305595a7d36078aa1abcf09daa5dee9
  languageName: node
  linkType: hard

"ai@npm:^4.1.61":
  version: 4.1.61
  resolution: "ai@npm:4.1.61"
  dependencies:
    "@ai-sdk/provider": "npm:1.0.11"
    "@ai-sdk/provider-utils": "npm:2.1.13"
    "@ai-sdk/react": "npm:1.1.23"
    "@ai-sdk/ui-utils": "npm:1.1.19"
    "@opentelemetry/api": "npm:1.9.0"
    eventsource-parser: "npm:^3.0.0"
    jsondiffpatch: "npm:0.6.0"
  peerDependencies:
    react: ^18 || ^19 || ^19.0.0-rc
    zod: ^3.0.0
  peerDependenciesMeta:
    react:
      optional: true
    zod:
      optional: true
  checksum: 10c0/cd45842af56f456a29fb3392725f6c6be751381e05574344d1b0cc3154349e60db8baa8247f684ce29f32d10ff5ee5e8bb3f9164816d554f9a2125a154deb7a2
  languageName: node
  linkType: hard

"camelcase@npm:^8.0.0":
  version: 8.0.0
  resolution: "camelcase@npm:8.0.0"
  checksum: 10c0/56c5fe072f0523c9908cdaac21d4a3b3fb0f608fb2e9ba90a60e792b95dd3bb3d1f3523873ab17d86d146e94171305f73ef619e2f538bd759675bc4a14b4bff3
  languageName: node
  linkType: hard

"chalk@npm:^5.3.0":
  version: 5.4.1
  resolution: "chalk@npm:5.4.1"
  checksum: 10c0/b23e88132c702f4855ca6d25cb5538b1114343e41472d5263ee8a37cccfccd9c4216d111e1097c6a27830407a1dc81fecdf2a56f2c63033d4dbbd88c10b0dcef
  languageName: node
  linkType: hard

"dequal@npm:^2.0.3":
  version: 2.0.3
  resolution: "dequal@npm:2.0.3"
  checksum: 10c0/f98860cdf58b64991ae10205137c0e97d384c3a4edc7f807603887b7c4b850af1224a33d88012009f150861cbee4fa2d322c4cc04b9313bee312e47f6ecaa888
  languageName: node
  linkType: hard

"diff-match-patch@npm:^1.0.5":
  version: 1.0.5
  resolution: "diff-match-patch@npm:1.0.5"
  checksum: 10c0/142b6fad627b9ef309d11bd935e82b84c814165a02500f046e2773f4ea894d10ed3017ac20454900d79d4a0322079f5b713cf0986aaf15fce0ec4a2479980c86
  languageName: node
  linkType: hard

"eventsource-parser@npm:^3.0.0":
  version: 3.0.0
  resolution: "eventsource-parser@npm:3.0.0"
  checksum: 10c0/74ded91ff93330bd95243bd5a8fc61c805ea1843dd7ffac8e8ac36287fff419a7eec21b2fadf50d4e554ce0506de72f47928513e3c5b886fa4613fd49ef0024f
  languageName: node
  linkType: hard

"json-schema@npm:^0.4.0":
  version: 0.4.0
  resolution: "json-schema@npm:0.4.0"
  checksum: 10c0/d4a637ec1d83544857c1c163232f3da46912e971d5bf054ba44fdb88f07d8d359a462b4aec46f2745efbc57053365608d88bc1d7b1729f7b4fc3369765639ed3
  languageName: node
  linkType: hard

"jsondiffpatch@npm:0.6.0":
  version: 0.6.0
  resolution: "jsondiffpatch@npm:0.6.0"
  dependencies:
    "@types/diff-match-patch": "npm:^1.0.36"
    chalk: "npm:^5.3.0"
    diff-match-patch: "npm:^1.0.5"
  bin:
    jsondiffpatch: bin/jsondiffpatch.js
  checksum: 10c0/f7822e48a8ef8b9f7c6024cc59b7d3707a9fe6d84fd776d169de5a1803ad551ffe7cfdc7587f3900f224bc70897355884ed43eb1c8ccd02e7f7b43a7ebcfed4f
  languageName: node
  linkType: hard

"nanoid@npm:^3.3.8":
  version: 3.3.9
  resolution: "nanoid@npm:3.3.9"
  bin:
    nanoid: bin/nanoid.cjs
  checksum: 10c0/4515abe53db7b150cf77074558efc20d8e916d6910d557b5ce72e8bbf6f8e7554d3d7a0d180bfa65e5d8e99aa51b207aa8a3bf5f3b56233897b146d592e30b24
  languageName: node
  linkType: hard

"root-workspace-0b6124@workspace:.":
  version: 0.0.0-use.local
  resolution: "root-workspace-0b6124@workspace:."
  dependencies:
    "@ai-sdk/anthropic": "npm:^1.1.17"
    "@ai-sdk/google": "npm:^1.1.25"
    "@ai-sdk/openai": "npm:^1.2.5"
    "@types/node": "npm:^22.13.10"
    ai: "npm:^4.1.61"
    camelcase: "npm:^8.0.0"
    typescript: "npm:^5.8.2"
    zod: "npm:^3.24.2"
  languageName: unknown
  linkType: soft

"secure-json-parse@npm:^2.7.0":
  version: 2.7.0
  resolution: "secure-json-parse@npm:2.7.0"
  checksum: 10c0/f57eb6a44a38a3eeaf3548228585d769d788f59007454214fab9ed7f01fbf2e0f1929111da6db28cf0bcc1a2e89db5219a59e83eeaec3a54e413a0197ce879e4
  languageName: node
  linkType: hard

"swr@npm:^2.2.5":
  version: 2.3.3
  resolution: "swr@npm:2.3.3"
  dependencies:
    dequal: "npm:^2.0.3"
    use-sync-external-store: "npm:^1.4.0"
  peerDependencies:
    react: ^16.11.0 || ^17.0.0 || ^18.0.0 || ^19.0.0
  checksum: 10c0/882fc8291912860e0c50eae3470ebf0cd58b0144cb12adcc4b14c5cef913ea06479043830508d8b0b3d4061d99ad8dd52485c9c879fbd4e9b893484e6d8da9e3
  languageName: node
  linkType: hard

"throttleit@npm:2.1.0":
  version: 2.1.0
  resolution: "throttleit@npm:2.1.0"
  checksum: 10c0/1696ae849522cea6ba4f4f3beac1f6655d335e51b42d99215e196a718adced0069e48deaaf77f7e89f526ab31de5b5c91016027da182438e6f9280be2f3d5265
  languageName: node
  linkType: hard

"typescript@npm:^5.8.2":
  version: 5.8.2
  resolution: "typescript@npm:5.8.2"
  bin:
    tsc: bin/tsc
    tsserver: bin/tsserver
  checksum: 10c0/5c4f6fbf1c6389b6928fe7b8fcd5dc73bb2d58cd4e3883f1d774ed5bd83b151cbac6b7ecf11723de56d4676daeba8713894b1e9af56174f2f9780ae7848ec3c6
  languageName: node
  linkType: hard

"typescript@patch:typescript@npm%3A^5.8.2#optional!builtin<compat/typescript>":
  version: 5.8.2
  resolution: "typescript@patch:typescript@npm%3A5.8.2#optional!builtin<compat/typescript>::version=5.8.2&hash=5786d5"
  bin:
    tsc: bin/tsc
    tsserver: bin/tsserver
  checksum: 10c0/5448a08e595cc558ab321e49d4cac64fb43d1fa106584f6ff9a8d8e592111b373a995a1d5c7f3046211c8a37201eb6d0f1566f15cdb7a62a5e3be01d087848e2
  languageName: node
  linkType: hard

"undici-types@npm:~6.20.0":
  version: 6.20.0
  resolution: "undici-types@npm:6.20.0"
  checksum: 10c0/68e659a98898d6a836a9a59e6adf14a5d799707f5ea629433e025ac90d239f75e408e2e5ff086afc3cace26f8b26ee52155293564593fbb4a2f666af57fc59bf
  languageName: node
  linkType: hard

"use-sync-external-store@npm:^1.4.0":
  version: 1.4.0
  resolution: "use-sync-external-store@npm:1.4.0"
  peerDependencies:
    react: ^16.8.0 || ^17.0.0 || ^18.0.0 || ^19.0.0
  checksum: 10c0/ec011a5055962c0f6b509d6e78c0b143f8cd069890ae370528753053c55e3b360d3648e76cfaa854faa7a59eb08d6c5fb1015e60ffde9046d32f5b2a295acea5
  languageName: node
  linkType: hard

"zod-to-json-schema@npm:^3.24.1":
  version: 3.24.3
  resolution: "zod-to-json-schema@npm:3.24.3"
  peerDependencies:
    zod: ^3.24.1
  checksum: 10c0/5d626fa7a51539236962b1348a7b7e7111bd1722f23ad06dead2f76599e6bd918e4067ffba0695e0acac5a60f217b4953d2ad62ad403a482d034d94f025f3a4c
  languageName: node
  linkType: hard

"zod@npm:^3.24.2":
  version: 3.24.2
  resolution: "zod@npm:3.24.2"
  checksum: 10c0/c638c7220150847f13ad90635b3e7d0321b36cce36f3fc6050ed960689594c949c326dfe2c6fa87c14b126ee5d370ccdebd6efb304f41ef5557a4aaca2824565
  languageName: node
  linkType: hard
